{
  "requires": true,
  "lockfileVersion": 1,
  "dependencies": {
    "chartjs-plugin-streaming": {
      "version": "2.0.0",
      "resolved": "https://registry.npmjs.org/chartjs-plugin-streaming/-/chartjs-plugin-streaming-2.0.0.tgz",
      "integrity": "sha512-oBwHRmovGbPDS1h8PhpttnlKjI6eiJO13v4h+xz+mfbHhIc+iNF9xuMobCIFMKFH7rlVWi5TJAOIxoXyGElYYg=="
    }
  }
}
